
Microsoft Visual Studio Solution File, Format Version 12.00
# Visual Studio 2013
VisualStudioVersion = 12.0.31101.0
MinimumVisualStudioVersion = 10.0.40219.1
Project("{FAE04EC0-301F-11D3-BF4B-00C04F79EFBC}") = "Web", "Web\Web.csproj", "{8EAA4C7F-9C42-4BD4-B2DE-7354907FFD3E}"
EndProject
Project("{FAE04EC0-301F-11D3-BF4B-00C04F79EFBC}") = "DataModel", "DataModel\DataModel.csproj", "{653F704B-126E-4C8C-A256-1FDFAB66FF49}"
EndProject
Project("{FAE04EC0-301F-11D3-BF4B-00C04F79EFBC}") = "Service", "Service\Service.csproj", "{5472ED4A-5876-43DA-BFD8-8979D36F5135}"
EndProject
Global
	GlobalSection(SolutionConfigurationPlatforms) = preSolution
		Debug|Any CPU = Debug|Any CPU
		Release|Any CPU = Release|Any CPU
	EndGlobalSection
	GlobalSection(ProjectConfigurationPlatforms) = postSolution
		{8EAA4C7F-9C42-4BD4-B2DE-7354907FFD3E}.Debug|Any CPU.ActiveCfg = Debug|Any CPU
		{8EAA4C7F-9C42-4BD4-B2DE-7354907FFD3E}.Debug|Any CPU.Build.0 = Debug|Any CPU
		{8EAA4C7F-9C42-4BD4-B2DE-7354907FFD3E}.Release|Any CPU.ActiveCfg = Release|Any CPU
		{8EAA4C7F-9C42-4BD4-B2DE-7354907FFD3E}.Release|Any CPU.Build.0 = Release|Any CPU
		{653F704B-126E-4C8C-A256-1FDFAB66FF49}.Debug|Any CPU.ActiveCfg = Debug|Any CPU
		{653F704B-126E-4C8C-A256-1FDFAB66FF49}.Debug|Any CPU.Build.0 = Debug|Any CPU
		{653F704B-126E-4C8C-A256-1FDFAB66FF49}.Release|Any CPU.ActiveCfg = Release|Any CPU
		{653F704B-126E-4C8C-A256-1FDFAB66FF49}.Release|Any CPU.Build.0 = Release|Any CPU
		{5472ED4A-5876-43DA-BFD8-8979D36F5135}.Debug|Any CPU.ActiveCfg = Debug|Any CPU
		{5472ED4A-5876-43DA-BFD8-8979D36F5135}.Debug|Any CPU.Build.0 = Debug|Any CPU
		{5472ED4A-5876-43DA-BFD8-8979D36F5135}.Release|Any CPU.ActiveCfg = Release|Any CPU
		{5472ED4A-5876-43DA-BFD8-8979D36F5135}.Release|Any CPU.Build.0 = Release|Any CPU
	EndGlobalSection
	GlobalSection(SolutionProperties) = preSolution
		HideSolutionNode = FALSE
	EndGlobalSection
EndGlobal
